# THIS IS AN AUTOGENERATED FILE. DO NOT EDIT THIS FILE DIRECTLY.
# yarn lockfile v1


"@galenjs/factories@^0.6.14":
  version "0.6.14"
  resolved "https://registry.yarnpkg.com/@galenjs/factories/-/factories-0.6.14.tgz#3588634dd544b0fa2e9e8054f91c52ab885dad23"
  integrity sha512-85cpKl5xILYR4h3ml1KC5i59//XQMJ73AQtKSzzVj0tpn9JoANadBPCk9CEr9JGxxPoYV+b2sWNcNRQxiWeThw==

argparse@^2.0.1:
  version "2.0.1"
  resolved "https://registry.yarnpkg.com/argparse/-/argparse-2.0.1.tgz#246f50f3ca78a3240f6c997e8a9bd1eac49e4b38"
  integrity sha512-8+9WqebbFzpX9OR+Wa6O29asIogeRMzcGtAINdpMHHyAg10f05aSFVBbcEqGf/PXw1EjAZ+q2/bEBg3DvurK3Q==

js-yaml@^4.1.0:
  version "4.1.0"
  resolved "https://registry.yarnpkg.com/js-yaml/-/js-yaml-4.1.0.tgz#c1fb65f8f5017901cdd2c951864ba18458a10602"
  integrity sha512-wpxZs9NoxZaJESJGIZTyDEaYpl0FKSA+FB9aJiyemKhMwkxQg63h4T1KJgUGHpTqPDNRcmmYLugrRjJlBtWvRA==
  dependencies:
    argparse "^2.0.1"

lodash@^4.17.21:
  version "4.17.21"
  resolved "https://registry.yarnpkg.com/lodash/-/lodash-4.17.21.tgz#679591c564c3bffaae8454cf0b3df370c3d6911c"
  integrity sha512-v2kDEe57lecTulaDIuNTPy3Ry4gLGJ6Z1O3vE1krgXZNrsQ+LFTGHVxVjcXPs17LhbZVGedAJv8XZ1tvj5FvSg==

read-dir-filenames@^1.0.6:
  version "1.0.6"
  resolved "https://registry.yarnpkg.com/read-dir-filenames/-/read-dir-filenames-1.0.6.tgz#a02546256ae4691940ac4ae39555b3148f8f3598"
  integrity sha512-AhVznShG7+H8fEzD8tfkILCXcUM/MBP7bvs+GVMFPyYnNxA1ItMfa3tdc0Vqaee5+l5t6udj9tm3KZ5fTD3JuQ==
