lockfileVersion: 5.3

specifiers:
  '@galenjs/factories': ^1.0.0
  date-fns: ^2.25.0
  jsonschema: ^1.4.0
  koa-router: ^10.0.0
  lodash: ^4.17.21

dependencies:
  '@galenjs/factories': 1.0.0_jsonschema@1.4.0+lodash@4.17.21
  date-fns: 2.25.0
  jsonschema: registry.nlark.com/jsonschema/1.4.0
  koa-router: registry.nlark.com/koa-router/10.1.1
  lodash: 4.17.21

packages:

  /@galenjs/factories/1.0.0_jsonschema@1.4.0+lodash@4.17.21:
    resolution: {integrity: sha512-OZvMKEWRGZJNYhVuNH+BAnj6pzzinqIsLECpDlV1sahGTaLkIPou76tPDY0ifF9+zAlamCNfN9g7ehwiBX3bnw==}
    peerDependencies:
      jsonschema: ^1.4.0
      lodash: ^4.17.20
    dependencies:
      jsonschema: registry.nlark.com/jsonschema/1.4.0
      lodash: 4.17.21
    dev: false

  /date-fns/2.25.0:
    resolution: {integrity: sha512-ovYRFnTrbGPD4nqaEqescPEv1mNwvt+UTqI3Ay9SzNtey9NZnYu6E2qCcBBgJ6/2VF1zGGygpyTDITqpQQ5e+w==}
    engines: {node: '>=0.11'}
    dev: false

  /depd/1.1.2:
    resolution: {integrity: sha1-m81S4UwJd2PnSbJ0xDRu0uVgtak=, tarball: depd/download/depd-1.1.2.tgz}
    engines: {node: '>= 0.6'}
    dev: false

  /http-errors/1.8.0:
    resolution: {integrity: sha1-ddG75JfhBE9R5O6ecEpi8o0zZQc=, tarball: http-errors/download/http-errors-1.8.0.tgz}
    engines: {node: '>= 0.6'}
    dependencies:
      depd: 1.1.2
      inherits: 2.0.4
      setprototypeof: 1.2.0
      statuses: 1.5.0
      toidentifier: 1.0.0
    dev: false

  /inherits/2.0.4:
    resolution: {integrity: sha1-D6LGT5MpF8NDOg3tVTY6rjdBa3w=, tarball: inherits/download/inherits-2.0.4.tgz}
    dev: false

  /koa-compose/4.1.0:
    resolution: {integrity: sha1-UHMGuTcZAdtBEhyBLpI9DWfT6Hc=, tarball: koa-compose/download/koa-compose-4.1.0.tgz}
    dev: false

  /lodash/4.17.21:
    resolution: {integrity: sha1-Z5WRxWTDv/quhFTPCz3zcMPWkRw=, tarball: lodash/download/lodash-4.17.21.tgz}
    dev: false

  /methods/1.1.2:
    resolution: {integrity: sha1-VSmk1nZUE07cxSZmVoNbD4Ua/O4=, tarball: methods/download/methods-1.1.2.tgz}
    engines: {node: '>= 0.6'}
    dev: false

  /path-to-regexp/6.2.0:
    resolution: {integrity: sha1-97OAMzYQTDRoia3s5hRmkjBkXzg=, tarball: path-to-regexp/download/path-to-regexp-6.2.0.tgz}
    dev: false

  /setprototypeof/1.2.0:
    resolution: {integrity: sha1-ZsmiSnP5/CjL5msJ/tPTPcrxtCQ=, tarball: setprototypeof/download/setprototypeof-1.2.0.tgz}
    dev: false

  /statuses/1.5.0:
    resolution: {integrity: sha1-Fhx9rBd2Wf2YEfQ3cfqZOBR4Yow=, tarball: statuses/download/statuses-1.5.0.tgz}
    engines: {node: '>= 0.6'}
    dev: false

  /toidentifier/1.0.0:
    resolution: {integrity: sha1-fhvjRw8ed5SLxD2Uo8j013UrpVM=, tarball: toidentifier/download/toidentifier-1.0.0.tgz}
    engines: {node: '>=0.6'}
    dev: false

  registry.nlark.com/debug/4.3.2:
    resolution: {integrity: sha1-8KScGKyHeeMdSgxgKd+3aHPHQos=, registry: https://registry.npm.taobao.org/, tarball: https://registry.nlark.com/debug/download/debug-4.3.2.tgz}
    name: debug
    version: 4.3.2
    engines: {node: '>=6.0'}
    peerDependencies:
      supports-color: '*'
    peerDependenciesMeta:
      supports-color:
        optional: true
    dependencies:
      ms: registry.npmmirror.com/ms/2.1.2
    dev: false

  registry.nlark.com/jsonschema/1.4.0:
    resolution: {integrity: sha1-Gvo0xLwiGQ2OQicewXrIs0BPh7I=, registry: https://registry.npm.taobao.org/, tarball: https://registry.nlark.com/jsonschema/download/jsonschema-1.4.0.tgz}
    name: jsonschema
    version: 1.4.0
    dev: false

  registry.nlark.com/koa-router/10.1.1:
    resolution: {integrity: sha1-IICfgmSFGLhHJs1EUDeBPNmfF/8=, registry: https://registry.npm.taobao.org/, tarball: https://registry.nlark.com/koa-router/download/koa-router-10.1.1.tgz}
    name: koa-router
    version: 10.1.1
    engines: {node: '>= 8.0.0'}
    dependencies:
      debug: registry.nlark.com/debug/4.3.2
      http-errors: 1.8.0
      koa-compose: 4.1.0
      methods: 1.1.2
      path-to-regexp: 6.2.0
    transitivePeerDependencies:
      - supports-color
    dev: false

  registry.npmmirror.com/ms/2.1.2:
    resolution: {integrity: sha1-0J0fNXtEP0kzgqjrPM0YOHKuYAk=, registry: https://registry.npm.taobao.org/, tarball: https://registry.npmmirror.com/ms/download/ms-2.1.2.tgz}
    name: ms
    version: 2.1.2
    dev: false
