lockfileVersion: 5.3

specifiers:
  '@galenjs/class-loader': ^0.7.1
  '@galenjs/models': ^0.7.28
  '@galenjs/models-rest': ^0.7.27
  '@galenjs/redis': ^0.7.32
  '@galenjs/schedule': ^0.7.29
  koa: ^2.13.1
  koa-compose: ^4.1.0
  read-dir-filenames: ^1.0.6

dependencies:
  '@galenjs/class-loader': registry.npmmirror.com/@galenjs/class-loader/0.7.1
  '@galenjs/models': registry.npmmirror.com/@galenjs/models/0.7.28
  '@galenjs/models-rest': registry.npmmirror.com/@galenjs/models-rest/0.7.27
  '@galenjs/redis': registry.npmmirror.com/@galenjs/redis/0.7.32
  '@galenjs/schedule': registry.npmmirror.com/@galenjs/schedule/0.7.30
  koa: registry.npmmirror.com/koa/2.13.4
  koa-compose: 4.1.0
  read-dir-filenames: registry.npmmirror.com/read-dir-filenames/1.0.6

packages:

  /accepts/1.3.7:
    resolution: {integrity: sha1-UxvHJlF6OytB+FACHGzBXqq1B80=, tarball: accepts/download/accepts-1.3.7.tgz}
    engines: {node: '>= 0.6'}
    dependencies:
      mime-types: registry.npmmirror.com/mime-types/2.1.33
      negotiator: 0.6.2
    dev: false

  /any-promise/1.3.0:
    resolution: {integrity: sha1-q8av7tzqUugJzcA3au0845Y10X8=, tarball: any-promise/download/any-promise-1.3.0.tgz}
    dev: false

  /argparse/2.0.1:
    resolution: {integrity: sha1-JG9Q88p4oyQPbJl+ipvR6sSeSzg=, tarball: argparse/download/argparse-2.0.1.tgz}
    dev: false

  /cache-content-type/1.0.1:
    resolution: {integrity: sha1-A1zeKwjuISn0qDFeqPAKANuhRTw=, tarball: cache-content-type/download/cache-content-type-1.0.1.tgz}
    engines: {node: '>= 6.0.0'}
    dependencies:
      mime-types: registry.npmmirror.com/mime-types/2.1.33
      ylru: 1.2.1
    dev: false

  /co/4.6.0:
    resolution: {integrity: sha1-bqa989hTrlTMuOR7+gvz+QMfsYQ=, tarball: co/download/co-4.6.0.tgz}
    engines: {iojs: '>= 1.0.0', node: '>= 0.12.0'}
    dev: false

  /content-disposition/0.5.3:
    resolution: {integrity: sha1-4TDK9+cnkIfFYWwgB9BIVpiYT70=, tarball: content-disposition/download/content-disposition-0.5.3.tgz}
    engines: {node: '>= 0.6'}
    dependencies:
      safe-buffer: 5.1.2
    dev: false

  /content-type/1.0.4:
    resolution: {integrity: sha1-4TjMdeBAxyexlm/l5fjJruJW/js=, tarball: content-type/download/content-type-1.0.4.tgz}
    engines: {node: '>= 0.6'}
    dev: false

  /cookies/0.8.0:
    resolution: {integrity: sha1-EpPOSzkXQKhAbjyYcOgoxLVPP5A=, tarball: cookies/download/cookies-0.8.0.tgz}
    engines: {node: '>= 0.8'}
    dependencies:
      depd: 2.0.0
      keygrip: 1.1.0
    dev: false

  /cron/1.8.2:
    resolution: {integrity: sha1-SsXjxVuowWPYTzQHvelGMtqDcM4=, tarball: cron/download/cron-1.8.2.tgz}
    dependencies:
      moment-timezone: 0.5.33
    dev: false

  /deep-equal/1.0.1:
    resolution: {integrity: sha1-9dJgKStmDghO/0zbyfCK0yR0SLU=, tarball: deep-equal/download/deep-equal-1.0.1.tgz}
    dev: false

  /delegates/1.0.0:
    resolution: {integrity: sha1-hMbhWbgZBP3KWaDvRM2HDTElD5o=, tarball: delegates/download/delegates-1.0.0.tgz}
    dev: false

  /depd/1.1.2:
    resolution: {integrity: sha1-m81S4UwJd2PnSbJ0xDRu0uVgtak=, tarball: depd/download/depd-1.1.2.tgz}
    engines: {node: '>= 0.6'}
    dev: false

  /depd/2.0.0:
    resolution: {integrity: sha1-tpYWPMdXVg0JzyLMj60Vcbeedt8=, tarball: depd/download/depd-2.0.0.tgz}
    engines: {node: '>= 0.8'}
    dev: false

  /destroy/1.0.4:
    resolution: {integrity: sha1-l4hXRCxEdJ5CBmE+N5RiBYJqvYA=, tarball: destroy/download/destroy-1.0.4.tgz}
    dev: false

  /ee-first/1.1.1:
    resolution: {integrity: sha1-WQxhFWsK4vTwJVcyoViyZrxWsh0=, tarball: ee-first/download/ee-first-1.1.1.tgz}
    dev: false

  /encodeurl/1.0.2:
    resolution: {integrity: sha1-rT/0yG7C0CkyL1oCw6mmBslbP1k=, tarball: encodeurl/download/encodeurl-1.0.2.tgz}
    engines: {node: '>= 0.8'}
    dev: false

  /escape-html/1.0.3:
    resolution: {integrity: sha1-Aljq5NPQwJdN4cFpGI7wBR0dGYg=, tarball: escape-html/download/escape-html-1.0.3.tgz}
    dev: false

  /fresh/0.5.2:
    resolution: {integrity: sha1-PYyt2Q2XZWn6g1qx+OSyOhBWBac=, tarball: fresh/download/fresh-0.5.2.tgz}
    engines: {node: '>= 0.6'}
    dev: false

  /http-errors/1.8.0:
    resolution: {integrity: sha1-ddG75JfhBE9R5O6ecEpi8o0zZQc=, tarball: http-errors/download/http-errors-1.8.0.tgz}
    engines: {node: '>= 0.6'}
    dependencies:
      depd: 1.1.2
      inherits: 2.0.4
      setprototypeof: 1.2.0
      statuses: 1.5.0
      toidentifier: 1.0.0
    dev: false

  /inherits/2.0.4:
    resolution: {integrity: sha1-D6LGT5MpF8NDOg3tVTY6rjdBa3w=, tarball: inherits/download/inherits-2.0.4.tgz}
    dev: false

  /js-yaml/4.1.0:
    resolution: {integrity: sha1-wftl+PUBeQHN0slRhkuhhFihBgI=, tarball: js-yaml/download/js-yaml-4.1.0.tgz?cache=0&other_urls=https%3A%2F%2Fregistry.npm.taobao.org%2Fjs-yaml%2Fdownload%2Fjs-yaml-4.1.0.tgz}
    hasBin: true
    dependencies:
      argparse: 2.0.1
    dev: false

  /keygrip/1.1.0:
    resolution: {integrity: sha1-hxsWgdXhWcYqRFsMdLYV4JF+ciY=, tarball: keygrip/download/keygrip-1.1.0.tgz}
    engines: {node: '>= 0.6'}
    dependencies:
      tsscmp: 1.0.6
    dev: false

  /koa-compose/4.1.0:
    resolution: {integrity: sha1-UHMGuTcZAdtBEhyBLpI9DWfT6Hc=, tarball: koa-compose/download/koa-compose-4.1.0.tgz}
    dev: false

  /koa-convert/2.0.0:
    resolution: {integrity: sha1-hqDETYHUBVG64i/uZwmQRXPupPU=, tarball: koa-convert/download/koa-convert-2.0.0.tgz}
    engines: {node: '>= 10'}
    dependencies:
      co: 4.6.0
      koa-compose: 4.1.0
    dev: false

  /lodash.defaults/4.2.0:
    resolution: {integrity: sha1-0JF4cW/+pN3p5ft7N/bwgCJ0WAw=, tarball: lodash.defaults/download/lodash.defaults-4.2.0.tgz}
    dev: false

  /lodash.flatten/4.4.0:
    resolution: {integrity: sha1-8xwiIlqWMtK7+OSt2+8kCqdlph8=, tarball: lodash.flatten/download/lodash.flatten-4.4.0.tgz}
    dev: false

  /lodash.isarguments/3.1.0:
    resolution: {integrity: sha1-L1c9hcaiQon/AGY7SRwdM4/zRYo=, tarball: lodash.isarguments/download/lodash.isarguments-3.1.0.tgz}
    dev: false

  /lodash/4.17.21:
    resolution: {integrity: sha1-Z5WRxWTDv/quhFTPCz3zcMPWkRw=, tarball: lodash/download/lodash-4.17.21.tgz}
    dev: false

  /lru-cache/6.0.0:
    resolution: {integrity: sha1-bW/mVw69lqr5D8rR2vo7JWbbOpQ=, tarball: lru-cache/download/lru-cache-6.0.0.tgz}
    engines: {node: '>=10'}
    dependencies:
      yallist: 4.0.0
    dev: false

  /media-typer/0.3.0:
    resolution: {integrity: sha1-hxDXrwqmJvj/+hzgAWhUUmMlV0g=, tarball: media-typer/download/media-typer-0.3.0.tgz}
    engines: {node: '>= 0.6'}
    dev: false

  /methods/1.1.2:
    resolution: {integrity: sha1-VSmk1nZUE07cxSZmVoNbD4Ua/O4=, tarball: methods/download/methods-1.1.2.tgz}
    engines: {node: '>= 0.6'}
    dev: false

  /moment-timezone/0.5.33:
    resolution: {integrity: sha1-slL9a7V/NBybWaWrYajlGnO70iw=, tarball: moment-timezone/download/moment-timezone-0.5.33.tgz}
    dependencies:
      moment: 2.29.1
    dev: false

  /moment/2.29.1:
    resolution: {integrity: sha1-sr52n6MZQL6e7qZGnAdeNQBvo9M=, tarball: moment/download/moment-2.29.1.tgz}
    dev: false

  /negotiator/0.6.2:
    resolution: {integrity: sha1-/qz3zPUlp3rpY0Q2pkiD/+yjRvs=, tarball: negotiator/download/negotiator-0.6.2.tgz}
    engines: {node: '>= 0.6'}
    dev: false

  /on-finished/2.3.0:
    resolution: {integrity: sha1-IPEzZIGwg811M3mSoWlxqi2QaUc=, tarball: on-finished/download/on-finished-2.3.0.tgz}
    engines: {node: '>= 0.8'}
    dependencies:
      ee-first: 1.1.1
    dev: false

  /only/0.0.2:
    resolution: {integrity: sha1-Kv3oTQPlC5qO3EROMGEKcCle37Q=, tarball: only/download/only-0.0.2.tgz}
    dev: false

  /parseurl/1.3.3:
    resolution: {integrity: sha1-naGee+6NEt/wUT7Vt2lXeTvC6NQ=, tarball: parseurl/download/parseurl-1.3.3.tgz}
    engines: {node: '>= 0.8'}
    dev: false

  /path-to-regexp/6.2.0:
    resolution: {integrity: sha1-97OAMzYQTDRoia3s5hRmkjBkXzg=, tarball: path-to-regexp/download/path-to-regexp-6.2.0.tgz}
    dev: false

  /redis-commands/1.7.0:
    resolution: {integrity: sha1-Fab+otWCgeJ7HNGs+0spPieMOok=, tarball: redis-commands/download/redis-commands-1.7.0.tgz}
    dev: false

  /redis-errors/1.2.0:
    resolution: {integrity: sha1-62LSrbFeTq9GEMBK/hUpOEJQq60=, tarball: redis-errors/download/redis-errors-1.2.0.tgz}
    engines: {node: '>=4'}
    dev: false

  /redis-parser/3.0.0:
    resolution: {integrity: sha1-tm2CjNyv5rS4pCin3vTGvKwxyLQ=, tarball: redis-parser/download/redis-parser-3.0.0.tgz}
    engines: {node: '>=4'}
    dependencies:
      redis-errors: 1.2.0
    dev: false

  /safe-buffer/5.1.2:
    resolution: {integrity: sha1-mR7GnSluAxN0fVm9/St0XDX4go0=, tarball: safe-buffer/download/safe-buffer-5.1.2.tgz}
    dev: false

  /semver/7.3.5:
    resolution: {integrity: sha1-C2Ich5NI2JmOSw5L6Us/EuYBjvc=, tarball: semver/download/semver-7.3.5.tgz?cache=0&other_urls=https%3A%2F%2Fregistry.npm.taobao.org%2Fsemver%2Fdownload%2Fsemver-7.3.5.tgz}
    engines: {node: '>=10'}
    hasBin: true
    dependencies:
      lru-cache: 6.0.0
    dev: false

  /setprototypeof/1.2.0:
    resolution: {integrity: sha1-ZsmiSnP5/CjL5msJ/tPTPcrxtCQ=, tarball: setprototypeof/download/setprototypeof-1.2.0.tgz}
    dev: false

  /standard-as-callback/2.1.0:
    resolution: {integrity: sha1-iVP8BTWYaKd7W5c5pmXFl3u330U=, tarball: standard-as-callback/download/standard-as-callback-2.1.0.tgz}
    dev: false

  /statuses/1.5.0:
    resolution: {integrity: sha1-Fhx9rBd2Wf2YEfQ3cfqZOBR4Yow=, tarball: statuses/download/statuses-1.5.0.tgz}
    engines: {node: '>= 0.6'}
    dev: false

  /toidentifier/1.0.0:
    resolution: {integrity: sha1-fhvjRw8ed5SLxD2Uo8j013UrpVM=, tarball: toidentifier/download/toidentifier-1.0.0.tgz}
    engines: {node: '>=0.6'}
    dev: false

  /tsscmp/1.0.6:
    resolution: {integrity: sha1-hbmVg6w1iexL/vgltQAKqRHWBes=, tarball: tsscmp/download/tsscmp-1.0.6.tgz}
    engines: {node: '>=0.6.x'}
    dev: false

  /type-is/1.6.18:
    resolution: {integrity: sha1-TlUs0F3wlGfcvE73Od6J8s83wTE=, tarball: type-is/download/type-is-1.6.18.tgz}
    engines: {node: '>= 0.6'}
    dependencies:
      media-typer: 0.3.0
      mime-types: registry.npmmirror.com/mime-types/2.1.33
    dev: false

  /vary/1.1.2:
    resolution: {integrity: sha1-IpnwLG3tMNSllhsLn3RSShj2NPw=, tarball: vary/download/vary-1.1.2.tgz}
    engines: {node: '>= 0.8'}
    dev: false

  /yallist/4.0.0:
    resolution: {integrity: sha1-m7knkNnA7/7GO+c1GeEaNQGaOnI=, tarball: yallist/download/yallist-4.0.0.tgz}
    dev: false

  /ylru/1.2.1:
    resolution: {integrity: sha1-9Xa2M0FUeYnB3nuiiHYJI7J/6E8=, tarball: ylru/download/ylru-1.2.1.tgz}
    engines: {node: '>= 4.0.0'}
    dev: false

  registry.nlark.com/cluster-key-slot/1.1.0:
    resolution: {integrity: sha1-MEdLKpgfsSFyaVgzBSvA0BM20Q0=, registry: https://registry.npm.taobao.org/, tarball: https://registry.nlark.com/cluster-key-slot/download/cluster-key-slot-1.1.0.tgz}
    name: cluster-key-slot
    version: 1.1.0
    engines: {node: '>=0.10.0'}
    dev: false

  registry.nlark.com/debug/4.3.2:
    resolution: {integrity: sha1-8KScGKyHeeMdSgxgKd+3aHPHQos=, registry: https://registry.npm.taobao.org/, tarball: https://registry.nlark.com/debug/download/debug-4.3.2.tgz}
    name: debug
    version: 4.3.2
    engines: {node: '>=6.0'}
    dependencies:
      ms: registry.npmmirror.com/ms/2.1.2
    dev: false

  registry.nlark.com/denque/1.5.1:
    resolution: {integrity: sha1-B/Zw4pyaePj67LJWah4sEZKcXL8=, registry: https://registry.npm.taobao.org/, tarball: https://registry.nlark.com/denque/download/denque-1.5.1.tgz}
    name: denque
    version: 1.5.1
    engines: {node: '>=0.10'}
    dev: false

  registry.nlark.com/dottie/2.0.2:
    resolution: {integrity: sha1-zJHAcmzjoFTr8RxV+8kqfyZt0VQ=, registry: https://registry.npm.taobao.org/, tarball: https://registry.nlark.com/dottie/download/dottie-2.0.2.tgz}
    name: dottie
    version: 2.0.2
    dev: false

  registry.nlark.com/has-symbols/1.0.2:
    resolution: {integrity: sha1-Fl0wcMADCXUqEjakeTMeOsVvFCM=, registry: https://registry.npm.taobao.org/, tarball: https://registry.nlark.com/has-symbols/download/has-symbols-1.0.2.tgz}
    name: has-symbols
    version: 1.0.2
    engines: {node: '>= 0.4'}
    dev: false

  registry.nlark.com/has-tostringtag/1.0.0:
    resolution: {integrity: sha1-fhM4GKfTlHNPlB5zw9P5KR5liyU=, registry: https://registry.npm.taobao.org/, tarball: https://registry.nlark.com/has-tostringtag/download/has-tostringtag-1.0.0.tgz}
    name: has-tostringtag
    version: 1.0.0
    engines: {node: '>= 0.4'}
    dependencies:
      has-symbols: registry.nlark.com/has-symbols/1.0.2
    dev: false

  registry.nlark.com/http-assert/1.5.0:
    resolution: {integrity: sha1-w4nM2HrBbtLfpiRv1zuSaqAOa48=, registry: https://registry.npm.taobao.org/, tarball: https://registry.nlark.com/http-assert/download/http-assert-1.5.0.tgz}
    name: http-assert
    version: 1.5.0
    engines: {node: '>= 0.8'}
    dependencies:
      deep-equal: 1.0.1
      http-errors: 1.8.0
    dev: false

  registry.nlark.com/inflection/1.13.1:
    resolution: {integrity: sha1-xcrdgIiKkM+EwuluNA1+3IXV8Ms=, registry: https://registry.npm.taobao.org/, tarball: https://registry.nlark.com/inflection/download/inflection-1.13.1.tgz}
    name: inflection
    version: 1.13.1
    engines: {'0': node >= 0.4.0}
    dev: false

  registry.nlark.com/is-generator-function/1.0.10:
    resolution: {integrity: sha1-8VWLrxrBfg3up8BBXEODUf8rPHI=, registry: https://registry.npm.taobao.org/, tarball: https://registry.nlark.com/is-generator-function/download/is-generator-function-1.0.10.tgz}
    name: is-generator-function
    version: 1.0.10
    engines: {node: '>= 0.4'}
    dependencies:
      has-tostringtag: registry.nlark.com/has-tostringtag/1.0.0
    dev: false

  registry.nlark.com/jsonschema/1.4.0:
    resolution: {integrity: sha1-Gvo0xLwiGQ2OQicewXrIs0BPh7I=, registry: https://registry.npm.taobao.org/, tarball: https://registry.nlark.com/jsonschema/download/jsonschema-1.4.0.tgz}
    name: jsonschema
    version: 1.4.0
    dev: false

  registry.nlark.com/koa-router/10.1.1:
    resolution: {integrity: sha1-IICfgmSFGLhHJs1EUDeBPNmfF/8=, registry: https://registry.npm.taobao.org/, tarball: https://registry.nlark.com/koa-router/download/koa-router-10.1.1.tgz}
    name: koa-router
    version: 10.1.1
    engines: {node: '>= 8.0.0'}
    dependencies:
      debug: registry.nlark.com/debug/4.3.2
      http-errors: 1.8.0
      koa-compose: 4.1.0
      methods: 1.1.2
      path-to-regexp: 6.2.0
    dev: false

  registry.nlark.com/mime-db/1.50.0:
    resolution: {integrity: sha1-q9SslOmNPA4YUBbGerRdX95AwR8=, registry: https://registry.npm.taobao.org/, tarball: https://registry.nlark.com/mime-db/download/mime-db-1.50.0.tgz}
    name: mime-db
    version: 1.50.0
    engines: {node: '>= 0.6'}
    dev: false

  registry.nlark.com/sequelize-pool/6.1.0:
    resolution: {integrity: sha1-yqoMHjJNPCw6OZ/tLHmYlwkl1mg=, registry: https://registry.npm.taobao.org/, tarball: https://registry.nlark.com/sequelize-pool/download/sequelize-pool-6.1.0.tgz}
    name: sequelize-pool
    version: 6.1.0
    engines: {node: '>= 10.0.0'}
    dev: false

  registry.nlark.com/toposort-class/1.0.1:
    resolution: {integrity: sha1-f/0feMi+KMO6Rc1OGj9e4ZO9mYg=, registry: https://registry.npm.taobao.org/, tarball: https://registry.nlark.com/toposort-class/download/toposort-class-1.0.1.tgz}
    name: toposort-class
    version: 1.0.1
    dev: false

  registry.nlark.com/uuid/8.3.2:
    resolution: {integrity: sha1-gNW1ztJxu5r2xEXyGhoExgbO++I=, registry: https://registry.npm.taobao.org/, tarball: https://registry.nlark.com/uuid/download/uuid-8.3.2.tgz?cache=0&sync_timestamp=1622213308116&other_urls=https%3A%2F%2Fregistry.nlark.com%2Fuuid%2Fdownload%2Fuuid-8.3.2.tgz}
    name: uuid
    version: 8.3.2
    hasBin: true
    dev: false

  registry.nlark.com/validator/13.6.0:
    resolution: {integrity: sha1-HnGJnBTNx7IGhGPLJMHMFvbscFk=, registry: https://registry.npm.taobao.org/, tarball: https://registry.nlark.com/validator/download/validator-13.6.0.tgz}
    name: validator
    version: 13.6.0
    engines: {node: '>= 0.10'}
    dev: false

  registry.nlark.com/wkx/0.5.0:
    resolution: {integrity: sha1-xsNwGaz0DlF8xrlGV6JaPUqjPow=, registry: https://registry.npm.taobao.org/, tarball: https://registry.nlark.com/wkx/download/wkx-0.5.0.tgz}
    name: wkx
    version: 0.5.0
    dependencies:
      '@types/node': registry.npmmirror.com/@types/node/16.11.6
    dev: false

  registry.npmmirror.com/@galenjs/class-loader/0.7.1:
    resolution: {integrity: sha1-hhLxQvId8gjB+WlXCM0nPrgU+4w=, registry: https://registry.npm.taobao.org/, tarball: https://registry.npmmirror.com/@galenjs/class-loader/download/@galenjs/class-loader-0.7.1.tgz}
    name: '@galenjs/class-loader'
    version: 0.7.1
    dependencies:
      is-class: registry.npmmirror.com/is-class/0.0.9
      read-dir-filenames: registry.npmmirror.com/read-dir-filenames/1.0.6
    dev: false

  registry.npmmirror.com/@galenjs/factories/0.7.27_jsonschema@1.4.0:
    resolution: {integrity: sha1-1vm6PUNgqM+3YbbpYAG/hzKmrQE=, registry: https://registry.npm.taobao.org/, tarball: https://registry.npmmirror.com/@galenjs/factories/download/@galenjs/factories-0.7.27.tgz}
    id: registry.npmmirror.com/@galenjs/factories/0.7.27
    name: '@galenjs/factories'
    version: 0.7.27
    peerDependencies:
      jsonschema: ^1.4.0
      lodash: ^4.17.20
    dependencies:
      jsonschema: registry.nlark.com/jsonschema/1.4.0
    dev: false

  registry.npmmirror.com/@galenjs/factories/0.7.27_jsonschema@1.4.0+lodash@4.17.21:
    resolution: {integrity: sha1-1vm6PUNgqM+3YbbpYAG/hzKmrQE=, registry: https://registry.npm.taobao.org/, tarball: https://registry.npmmirror.com/@galenjs/factories/download/@galenjs/factories-0.7.27.tgz}
    id: registry.npmmirror.com/@galenjs/factories/0.7.27
    name: '@galenjs/factories'
    version: 0.7.27
    peerDependencies:
      jsonschema: ^1.4.0
      lodash: ^4.17.20
    dependencies:
      jsonschema: registry.nlark.com/jsonschema/1.4.0
      lodash: 4.17.21
    dev: false

  registry.npmmirror.com/@galenjs/models-rest/0.7.27:
    resolution: {integrity: sha1-FFe6qBzRV7JukU+HGHbXalwND6k=, registry: https://registry.npm.taobao.org/, tarball: https://registry.npmmirror.com/@galenjs/models-rest/download/@galenjs/models-rest-0.7.27.tgz}
    name: '@galenjs/models-rest'
    version: 0.7.27
    dependencies:
      '@galenjs/factories': registry.npmmirror.com/@galenjs/factories/0.7.27_jsonschema@1.4.0+lodash@4.17.21
      jsonschema: registry.nlark.com/jsonschema/1.4.0
      koa-router: registry.nlark.com/koa-router/10.1.1
      lodash: 4.17.21
    dev: false

  registry.npmmirror.com/@galenjs/models/0.7.28:
    resolution: {integrity: sha1-ab5uM5h8lYcMEamxjV8Ywxx9IQI=, registry: https://registry.npm.taobao.org/, tarball: https://registry.npmmirror.com/@galenjs/models/download/@galenjs/models-0.7.28.tgz}
    name: '@galenjs/models'
    version: 0.7.28
    dependencies:
      '@galenjs/factories': registry.npmmirror.com/@galenjs/factories/0.7.27_jsonschema@1.4.0+lodash@4.17.21
      '@galenjs/sequelize-query-filter': registry.npmmirror.com/@galenjs/sequelize-query-filter/0.7.1
      js-yaml: 4.1.0
      jsonschema: registry.nlark.com/jsonschema/1.4.0
      lodash: 4.17.21
      read-dir-filenames: registry.npmmirror.com/read-dir-filenames/1.0.6
      sequelize: registry.npmmirror.com/sequelize/6.8.0
    transitivePeerDependencies:
      - mariadb
      - mysql2
      - pg
      - pg-hstore
      - sqlite3
      - tedious
    dev: false

  registry.npmmirror.com/@galenjs/redis/0.7.32:
    resolution: {integrity: sha1-uqq3BHNyqaf2Ko4M0fCD/YvDOHg=, registry: https://registry.npm.taobao.org/, tarball: https://registry.npmmirror.com/@galenjs/redis/download/@galenjs/redis-0.7.32.tgz}
    name: '@galenjs/redis'
    version: 0.7.32
    dependencies:
      '@galenjs/factories': registry.npmmirror.com/@galenjs/factories/0.7.27_jsonschema@1.4.0
      ioredis: registry.npmmirror.com/ioredis/4.28.0
      jsonschema: registry.nlark.com/jsonschema/1.4.0
    transitivePeerDependencies:
      - lodash
    dev: false

  registry.npmmirror.com/@galenjs/schedule/0.7.30:
    resolution: {integrity: sha1-fHbDv3LaRpGRA0itR1TATMIL8YM=, registry: https://registry.npm.taobao.org/, tarball: https://registry.npmmirror.com/@galenjs/schedule/download/@galenjs/schedule-0.7.30.tgz}
    name: '@galenjs/schedule'
    version: 0.7.30
    dependencies:
      cron: 1.8.2
      read-dir-filenames: registry.npmmirror.com/read-dir-filenames/1.0.6
    dev: false

  registry.npmmirror.com/@galenjs/sequelize-query-filter/0.7.1:
    resolution: {integrity: sha1-ocUHIv7EXW3pjW+Szo8euwZ+uxo=, registry: https://registry.npm.taobao.org/, tarball: https://registry.npmmirror.com/@galenjs/sequelize-query-filter/download/@galenjs/sequelize-query-filter-0.7.1.tgz}
    name: '@galenjs/sequelize-query-filter'
    version: 0.7.1
    dependencies:
      lodash: 4.17.21
      sequelize: registry.npmmirror.com/sequelize/6.8.0
    transitivePeerDependencies:
      - mariadb
      - mysql2
      - pg
      - pg-hstore
      - sqlite3
      - tedious
    dev: false

  registry.npmmirror.com/@types/node/16.11.6:
    resolution: {integrity: sha1-a+96KgrWhM9ukPz+Mc7KvZzgo64=, registry: https://registry.npm.taobao.org/, tarball: https://registry.npmmirror.com/@types/node/download/@types/node-16.11.6.tgz}
    name: '@types/node'
    version: 16.11.6
    dev: false

  registry.npmmirror.com/ioredis/4.28.0:
    resolution: {integrity: sha1-Wivj83/yB14jMvKA6usCq02f8NM=, registry: https://registry.npm.taobao.org/, tarball: https://registry.npmmirror.com/ioredis/download/ioredis-4.28.0.tgz}
    name: ioredis
    version: 4.28.0
    engines: {node: '>=6'}
    dependencies:
      cluster-key-slot: registry.nlark.com/cluster-key-slot/1.1.0
      debug: registry.nlark.com/debug/4.3.2
      denque: registry.nlark.com/denque/1.5.1
      lodash.defaults: 4.2.0
      lodash.flatten: 4.4.0
      lodash.isarguments: 3.1.0
      p-map: registry.npmmirror.com/p-map/2.1.0
      redis-commands: 1.7.0
      redis-errors: 1.2.0
      redis-parser: 3.0.0
      standard-as-callback: 2.1.0
    dev: false

  registry.npmmirror.com/is-class/0.0.9:
    resolution: {integrity: sha1-MCTBexz49r3B8+yhuuUH6pkrbZM=, registry: https://registry.npm.taobao.org/, tarball: https://registry.npmmirror.com/is-class/download/is-class-0.0.9.tgz}
    name: is-class
    version: 0.0.9
    dev: false

  registry.npmmirror.com/koa/2.13.4:
    resolution: {integrity: sha1-7lsMs54LgGnDjRFROcd0gz0yRi4=, registry: https://registry.npm.taobao.org/, tarball: https://registry.npmmirror.com/koa/download/koa-2.13.4.tgz}
    name: koa
    version: 2.13.4
    engines: {node: ^4.8.4 || ^6.10.1 || ^7.10.1 || >= 8.1.4}
    dependencies:
      accepts: 1.3.7
      cache-content-type: 1.0.1
      content-disposition: 0.5.3
      content-type: 1.0.4
      cookies: 0.8.0
      debug: registry.nlark.com/debug/4.3.2
      delegates: 1.0.0
      depd: 2.0.0
      destroy: 1.0.4
      encodeurl: 1.0.2
      escape-html: 1.0.3
      fresh: 0.5.2
      http-assert: registry.nlark.com/http-assert/1.5.0
      http-errors: 1.8.0
      is-generator-function: registry.nlark.com/is-generator-function/1.0.10
      koa-compose: 4.1.0
      koa-convert: 2.0.0
      on-finished: 2.3.0
      only: 0.0.2
      parseurl: 1.3.3
      statuses: 1.5.0
      type-is: 1.6.18
      vary: 1.1.2
    dev: false

  registry.npmmirror.com/mime-types/2.1.33:
    resolution: {integrity: sha1-H6EqkERy+v0GjkjZ6EAfdNP3Dts=, registry: https://registry.npm.taobao.org/, tarball: https://registry.npmmirror.com/mime-types/download/mime-types-2.1.33.tgz}
    name: mime-types
    version: 2.1.33
    engines: {node: '>= 0.6'}
    dependencies:
      mime-db: registry.nlark.com/mime-db/1.50.0
    dev: false

  registry.npmmirror.com/ms/2.1.2:
    resolution: {integrity: sha1-0J0fNXtEP0kzgqjrPM0YOHKuYAk=, registry: https://registry.npm.taobao.org/, tarball: https://registry.npmmirror.com/ms/download/ms-2.1.2.tgz}
    name: ms
    version: 2.1.2
    dev: false

  registry.npmmirror.com/p-map/2.1.0:
    resolution: {integrity: sha1-MQko/u+cnsxltosXaTAYpmXOoXU=, registry: https://registry.npm.taobao.org/, tarball: https://registry.npmmirror.com/p-map/download/p-map-2.1.0.tgz?cache=0&sync_timestamp=1635321900908&other_urls=https%3A%2F%2Fregistry.npmmirror.com%2Fp-map%2Fdownload%2Fp-map-2.1.0.tgz}
    name: p-map
    version: 2.1.0
    engines: {node: '>=6'}
    dev: false

  registry.npmmirror.com/read-dir-filenames/1.0.6:
    resolution: {integrity: sha1-oCVGJWrkaRlArErjlVWzFI+PNZg=, registry: https://registry.npm.taobao.org/, tarball: https://registry.npmmirror.com/read-dir-filenames/download/read-dir-filenames-1.0.6.tgz}
    name: read-dir-filenames
    version: 1.0.6
    dev: false

  registry.npmmirror.com/retry-as-promised/3.2.0:
    resolution: {integrity: sha1-dp9j1Ta+xHg1SdsHd8tW2t2dhUM=, registry: https://registry.npm.taobao.org/, tarball: https://registry.npmmirror.com/retry-as-promised/download/retry-as-promised-3.2.0.tgz}
    name: retry-as-promised
    version: 3.2.0
    dependencies:
      any-promise: 1.3.0
    dev: false

  registry.npmmirror.com/sequelize/6.8.0:
    resolution: {integrity: sha1-V5aj4O91LJRyLMdEmd/QA5dQwcY=, registry: https://registry.npm.taobao.org/, tarball: https://registry.npmmirror.com/sequelize/download/sequelize-6.8.0.tgz}
    name: sequelize
    version: 6.8.0
    engines: {node: '>=10.0.0'}
    peerDependencies:
      mariadb: '*'
      mysql2: '*'
      pg: '*'
      pg-hstore: '*'
      sqlite3: '*'
      tedious: '*'
    peerDependenciesMeta:
      mariadb:
        optional: true
      mysql2:
        optional: true
      pg:
        optional: true
      pg-hstore:
        optional: true
      sqlite3:
        optional: true
      tedious:
        optional: true
    dependencies:
      debug: registry.nlark.com/debug/4.3.2
      dottie: registry.nlark.com/dottie/2.0.2
      inflection: registry.nlark.com/inflection/1.13.1
      lodash: 4.17.21
      moment: 2.29.1
      moment-timezone: 0.5.33
      retry-as-promised: registry.npmmirror.com/retry-as-promised/3.2.0
      semver: 7.3.5
      sequelize-pool: registry.nlark.com/sequelize-pool/6.1.0
      toposort-class: registry.nlark.com/toposort-class/1.0.1
      uuid: registry.nlark.com/uuid/8.3.2
      validator: registry.nlark.com/validator/13.6.0
      wkx: registry.nlark.com/wkx/0.5.0
    dev: false
