# THIS IS AN AUTOGENERATED FILE. DO NOT EDIT THIS FILE DIRECTLY.
# yarn lockfile v1


"@galenjs/factories@^0.5.10":
  version "0.5.10"
  resolved "https://registry.npmjs.org/@galenjs/factories/-/factories-0.5.10.tgz#d9f70d8f805d3c8e017e1b15455be7d4ce9f3c97"
  integrity sha512-0nucjzXThFey8TLvQSvMN5PPmwwjnWerM7nCffM6kKlZwiNtbjwOQc8P2w2R0UAgL6M+f6TeikceHP4WtMw+RA==
