lockfileVersion: 5.3

specifiers:
  influx: ^5.6.3

dependencies:
  influx: registry.npmmirror.com/influx/5.9.2

packages:

  registry.npmmirror.com/influx/5.9.2:
    resolution: {integrity: sha1-EHEfdXMFix8HUsV/jyqxPbq5eIo=, registry: https://registry.npm.taobao.org/, tarball: https://registry.npmmirror.com/influx/download/influx-5.9.2.tgz}
    name: influx
    version: 5.9.2
    dev: false
