# THIS IS AN AUTOGENERATED FILE. DO NOT EDIT THIS FILE DIRECTLY.
# yarn lockfile v1


influx@^5.6.3:
  version "5.6.3"
  resolved "https://registry.yarnpkg.com/influx/-/influx-5.6.3.tgz#53bf79da6a8607b427744cf033aa3c2e7a12cd35"
  integrity sha512-j2biV776HXb2IbIcp2G24w50IqIWENDnKitm0Vj54vlpw9EfGzY7x7ndCRZSGzzm4fyDLSDQ+/cypZQpuDQxyA==
