# THIS IS AN AUTOGENERATED FILE. DO NOT EDIT THIS FILE DIRECTLY.
# yarn lockfile v1


cron@^1.8.2:
  version "1.8.2"
  resolved "https://registry.npmjs.org/cron/-/cron-1.8.2.tgz#4ac5e3c55ba8c163d84f3407bde94632da8370ce"
  integrity sha512-Gk2c4y6xKEO8FSAUTklqtfSr7oTq0CiPQeLBG5Fl0qoXpZyMcj1SG59YL+hqq04bu6/IuEA7lMkYDAplQNKkyg==
  dependencies:
    moment-timezone "^0.5.x"

moment-timezone@^0.5.x:
  version "0.5.33"
  resolved "https://registry.npmjs.org/moment-timezone/-/moment-timezone-0.5.33.tgz#b252fd6bb57f341c9b59a5ab61a8e51a73bbd22c"
  integrity sha512-PTc2vcT8K9J5/9rDEPe5czSIKgLoGsH8UNpA4qZTVw0Vd/Uz19geE9abbIOQKaAQFcnQ3v5YEXrbSc5BpshH+w==
  dependencies:
    moment ">= 2.9.0"

"moment@>= 2.9.0":
  version "2.29.1"
  resolved "https://registry.npmjs.org/moment/-/moment-2.29.1.tgz#b2be769fa31940be9eeea6469c075e35006fa3d3"
  integrity sha512-kHmoybcPV8Sqy59DwNDY3Jefr64lK/by/da0ViFcuA4DH0vQg5Q6Ze5VimxkfQNSC+Mls/Kx53s7TjP1RhFEDQ==

read-dir-filenames@^1.0.6:
  version "1.0.6"
  resolved "https://registry.npmjs.org/read-dir-filenames/-/read-dir-filenames-1.0.6.tgz#a02546256ae4691940ac4ae39555b3148f8f3598"
  integrity sha512-AhVznShG7+H8fEzD8tfkILCXcUM/MBP7bvs+GVMFPyYnNxA1ItMfa3tdc0Vqaee5+l5t6udj9tm3KZ5fTD3JuQ==
